
Microsoft Visual Studio Solution File, Format Version 12.00
# Visual Studio 15
VisualStudioVersion = 15.0.28307.572
MinimumVisualStudioVersion = 10.0.40219.1
Project("{FAE04EC0-301F-11D3-BF4B-00C04F79EFBC}") = "Sales.Android", "Sales\Sales.Android\Sales.Android.csproj", "{17649088-2E1D-4DD2-BB28-E0801B68B51C}"
EndProject
Project("{FAE04EC0-301F-11D3-BF4B-00C04F79EFBC}") = "Sales.iOS", "Sales\Sales.iOS\Sales.iOS.csproj", "{B7B56D2B-0C4C-4D3F-85DE-0B25C3FDE9C4}"
EndProject
Project("{FAE04EC0-301F-11D3-BF4B-00C04F79EFBC}") = "Sales.UWP", "Sales\Sales.UWP\Sales.UWP.csproj", "{E2C76F0A-5FD1-4788-A6B1-39B73D338A7D}"
EndProject
Project("{FAE04EC0-301F-11D3-BF4B-00C04F79EFBC}") = "Sales", "Sales\Sales\Sales.csproj", "{A43771D5-6517-4D45-93E1-5C0B63A16725}"
EndProject
Global
	GlobalSection(SolutionConfigurationPlatforms) = preSolution
		Ad-Hoc|Any CPU = Ad-Hoc|Any CPU
		Ad-Hoc|ARM = Ad-Hoc|ARM
		Ad-Hoc|iPhone = Ad-Hoc|iPhone
		Ad-Hoc|iPhoneSimulator = Ad-Hoc|iPhoneSimulator
		Ad-Hoc|x64 = Ad-Hoc|x64
		Ad-Hoc|x86 = Ad-Hoc|x86
		AppStore|Any CPU = AppStore|Any CPU
		AppStore|ARM = AppStore|ARM
		AppStore|iPhone = AppStore|iPhone
		AppStore|iPhoneSimulator = AppStore|iPhoneSimulator
		AppStore|x64 = AppStore|x64
		AppStore|x86 = AppStore|x86
		Debug|Any CPU = Debug|Any CPU
		Debug|ARM = Debug|ARM
		Debug|iPhone = Debug|iPhone
		Debug|iPhoneSimulator = Debug|iPhoneSimulator
		Debug|x64 = Debug|x64
		Debug|x86 = Debug|x86
		Release|Any CPU = Release|Any CPU
		Release|ARM = Release|ARM
		Release|iPhone = Release|iPhone
		Release|iPhoneSimulator = Release|iPhoneSimulator
		Release|x64 = Release|x64
		Release|x86 = Release|x86
	EndGlobalSection
	GlobalSection(ProjectConfigurationPlatforms) = postSolution
		{17649088-2E1D-4DD2-BB28-E0801B68B51C}.Ad-Hoc|Any CPU.ActiveCfg = Release|Any CPU
		{17649088-2E1D-4DD2-BB28-E0801B68B51C}.Ad-Hoc|Any CPU.Build.0 = Release|Any CPU
		{17649088-2E1D-4DD2-BB28-E0801B68B51C}.Ad-Hoc|Any CPU.Deploy.0 = Release|Any CPU
		{17649088-2E1D-4DD2-BB28-E0801B68B51C}.Ad-Hoc|ARM.ActiveCfg = Release|Any CPU
		{17649088-2E1D-4DD2-BB28-E0801B68B51C}.Ad-Hoc|ARM.Build.0 = Release|Any CPU
		{17649088-2E1D-4DD2-BB28-E0801B68B51C}.Ad-Hoc|ARM.Deploy.0 = Release|Any CPU
		{17649088-2E1D-4DD2-BB28-E0801B68B51C}.Ad-Hoc|iPhone.ActiveCfg = Release|Any CPU
		{17649088-2E1D-4DD2-BB28-E0801B68B51C}.Ad-Hoc|iPhone.Build.0 = Release|Any CPU
		{17649088-2E1D-4DD2-BB28-E0801B68B51C}.Ad-Hoc|iPhone.Deploy.0 = Release|Any CPU
		{17649088-2E1D-4DD2-BB28-E0801B68B51C}.Ad-Hoc|iPhoneSimulator.ActiveCfg = Release|Any CPU
		{17649088-2E1D-4DD2-BB28-E0801B68B51C}.Ad-Hoc|iPhoneSimulator.Build.0 = Release|Any CPU
		{17649088-2E1D-4DD2-BB28-E0801B68B51C}.Ad-Hoc|iPhoneSimulator.Deploy.0 = Release|Any CPU
		{17649088-2E1D-4DD2-BB28-E0801B68B51C}.Ad-Hoc|x64.ActiveCfg = Release|Any CPU
		{17649088-2E1D-4DD2-BB28-E0801B68B51C}.Ad-Hoc|x64.Build.0 = Release|Any CPU
		{17649088-2E1D-4DD2-BB28-E0801B68B51C}.Ad-Hoc|x64.Deploy.0 = Release|Any CPU
		{17649088-2E1D-4DD2-BB28-E0801B68B51C}.Ad-Hoc|x86.ActiveCfg = Release|Any CPU
		{17649088-2E1D-4DD2-BB28-E0801B68B51C}.Ad-Hoc|x86.Build.0 = Release|Any CPU
		{17649088-2E1D-4DD2-BB28-E0801B68B51C}.Ad-Hoc|x86.Deploy.0 = Release|Any CPU
		{17649088-2E1D-4DD2-BB28-E0801B68B51C}.AppStore|Any CPU.ActiveCfg = Release|Any CPU
		{17649088-2E1D-4DD2-BB28-E0801B68B51C}.AppStore|Any CPU.Build.0 = Release|Any CPU
		{17649088-2E1D-4DD2-BB28-E0801B68B51C}.AppStore|Any CPU.Deploy.0 = Release|Any CPU
		{17649088-2E1D-4DD2-BB28-E0801B68B51C}.AppStore|ARM.ActiveCfg = Release|Any CPU
		{17649088-2E1D-4DD2-BB28-E0801B68B51C}.AppStore|ARM.Build.0 = Release|Any CPU
		{17649088-2E1D-4DD2-BB28-E0801B68B51C}.AppStore|ARM.Deploy.0 = Release|Any CPU
		{17649088-2E1D-4DD2-BB28-E0801B68B51C}.AppStore|iPhone.ActiveCfg = Release|Any CPU
		{17649088-2E1D-4DD2-BB28-E0801B68B51C}.AppStore|iPhone.Build.0 = Release|Any CPU
		{17649088-2E1D-4DD2-BB28-E0801B68B51C}.AppStore|iPhone.Deploy.0 = Release|Any CPU
		{17649088-2E1D-4DD2-BB28-E0801B68B51C}.AppStore|iPhoneSimulator.ActiveCfg = Release|Any CPU
		{17649088-2E1D-4DD2-BB28-E0801B68B51C}.AppStore|iPhoneSimulator.Build.0 = Release|Any CPU
		{17649088-2E1D-4DD2-BB28-E0801B68B51C}.AppStore|iPhoneSimulator.Deploy.0 = Release|Any CPU
		{17649088-2E1D-4DD2-BB28-E0801B68B51C}.AppStore|x64.ActiveCfg = Release|Any CPU
		{17649088-2E1D-4DD2-BB28-E0801B68B51C}.AppStore|x64.Build.0 = Release|Any CPU
		{17649088-2E1D-4DD2-BB28-E0801B68B51C}.AppStore|x64.Deploy.0 = Release|Any CPU
		{17649088-2E1D-4DD2-BB28-E0801B68B51C}.AppStore|x86.ActiveCfg = Release|Any CPU
		{17649088-2E1D-4DD2-BB28-E0801B68B51C}.AppStore|x86.Build.0 = Release|Any CPU
		{17649088-2E1D-4DD2-BB28-E0801B68B51C}.AppStore|x86.Deploy.0 = Release|Any CPU
		{17649088-2E1D-4DD2-BB28-E0801B68B51C}.Debug|Any CPU.ActiveCfg = Debug|Any CPU
		{17649088-2E1D-4DD2-BB28-E0801B68B51C}.Debug|Any CPU.Build.0 = Debug|Any CPU
		{17649088-2E1D-4DD2-BB28-E0801B68B51C}.Debug|Any CPU.Deploy.0 = Debug|Any CPU
		{17649088-2E1D-4DD2-BB28-E0801B68B51C}.Debug|ARM.ActiveCfg = Debug|Any CPU
		{17649088-2E1D-4DD2-BB28-E0801B68B51C}.Debug|ARM.Build.0 = Debug|Any CPU
		{17649088-2E1D-4DD2-BB28-E0801B68B51C}.Debug|ARM.Deploy.0 = Debug|Any CPU
		{17649088-2E1D-4DD2-BB28-E0801B68B51C}.Debug|iPhone.ActiveCfg = Debug|Any CPU
		{17649088-2E1D-4DD2-BB28-E0801B68B51C}.Debug|iPhone.Build.0 = Debug|Any CPU
		{17649088-2E1D-4DD2-BB28-E0801B68B51C}.Debug|iPhone.Deploy.0 = Debug|Any CPU
		{17649088-2E1D-4DD2-BB28-E0801B68B51C}.Debug|iPhoneSimulator.ActiveCfg = Debug|Any CPU
		{17649088-2E1D-4DD2-BB28-E0801B68B51C}.Debug|iPhoneSimulator.Build.0 = Debug|Any CPU
		{17649088-2E1D-4DD2-BB28-E0801B68B51C}.Debug|iPhoneSimulator.Deploy.0 = Debug|Any CPU
		{17649088-2E1D-4DD2-BB28-E0801B68B51C}.Debug|x64.ActiveCfg = Debug|Any CPU
		{17649088-2E1D-4DD2-BB28-E0801B68B51C}.Debug|x64.Build.0 = Debug|Any CPU
		{17649088-2E1D-4DD2-BB28-E0801B68B51C}.Debug|x64.Deploy.0 = Debug|Any CPU
		{17649088-2E1D-4DD2-BB28-E0801B68B51C}.Debug|x86.ActiveCfg = Debug|Any CPU
		{17649088-2E1D-4DD2-BB28-E0801B68B51C}.Debug|x86.Build.0 = Debug|Any CPU
		{17649088-2E1D-4DD2-BB28-E0801B68B51C}.Debug|x86.Deploy.0 = Debug|Any CPU
		{17649088-2E1D-4DD2-BB28-E0801B68B51C}.Release|Any CPU.ActiveCfg = Release|Any CPU
		{17649088-2E1D-4DD2-BB28-E0801B68B51C}.Release|Any CPU.Build.0 = Release|Any CPU
		{17649088-2E1D-4DD2-BB28-E0801B68B51C}.Release|Any CPU.Deploy.0 = Release|Any CPU
		{17649088-2E1D-4DD2-BB28-E0801B68B51C}.Release|ARM.ActiveCfg = Release|Any CPU
		{17649088-2E1D-4DD2-BB28-E0801B68B51C}.Release|ARM.Build.0 = Release|Any CPU
		{17649088-2E1D-4DD2-BB28-E0801B68B51C}.Release|ARM.Deploy.0 = Release|Any CPU
		{17649088-2E1D-4DD2-BB28-E0801B68B51C}.Release|iPhone.ActiveCfg = Release|Any CPU
		{17649088-2E1D-4DD2-BB28-E0801B68B51C}.Release|iPhone.Build.0 = Release|Any CPU
		{17649088-2E1D-4DD2-BB28-E0801B68B51C}.Release|iPhone.Deploy.0 = Release|Any CPU
		{17649088-2E1D-4DD2-BB28-E0801B68B51C}.Release|iPhoneSimulator.ActiveCfg = Release|Any CPU
		{17649088-2E1D-4DD2-BB28-E0801B68B51C}.Release|iPhoneSimulator.Build.0 = Release|Any CPU
		{17649088-2E1D-4DD2-BB28-E0801B68B51C}.Release|iPhoneSimulator.Deploy.0 = Release|Any CPU
		{17649088-2E1D-4DD2-BB28-E0801B68B51C}.Release|x64.ActiveCfg = Release|Any CPU
		{17649088-2E1D-4DD2-BB28-E0801B68B51C}.Release|x64.Build.0 = Release|Any CPU
		{17649088-2E1D-4DD2-BB28-E0801B68B51C}.Release|x64.Deploy.0 = Release|Any CPU
		{17649088-2E1D-4DD2-BB28-E0801B68B51C}.Release|x86.ActiveCfg = Release|Any CPU
		{17649088-2E1D-4DD2-BB28-E0801B68B51C}.Release|x86.Build.0 = Release|Any CPU
		{17649088-2E1D-4DD2-BB28-E0801B68B51C}.Release|x86.Deploy.0 = Release|Any CPU
		{B7B56D2B-0C4C-4D3F-85DE-0B25C3FDE9C4}.Ad-Hoc|Any CPU.ActiveCfg = Ad-Hoc|iPhone
		{B7B56D2B-0C4C-4D3F-85DE-0B25C3FDE9C4}.Ad-Hoc|Any CPU.Build.0 = Ad-Hoc|iPhone
		{B7B56D2B-0C4C-4D3F-85DE-0B25C3FDE9C4}.Ad-Hoc|Any CPU.Deploy.0 = Ad-Hoc|iPhone
		{B7B56D2B-0C4C-4D3F-85DE-0B25C3FDE9C4}.Ad-Hoc|ARM.ActiveCfg = Ad-Hoc|iPhone
		{B7B56D2B-0C4C-4D3F-85DE-0B25C3FDE9C4}.Ad-Hoc|ARM.Build.0 = Ad-Hoc|iPhone
		{B7B56D2B-0C4C-4D3F-85DE-0B25C3FDE9C4}.Ad-Hoc|ARM.Deploy.0 = Ad-Hoc|iPhone
		{B7B56D2B-0C4C-4D3F-85DE-0B25C3FDE9C4}.Ad-Hoc|iPhone.ActiveCfg = Ad-Hoc|iPhone
		{B7B56D2B-0C4C-4D3F-85DE-0B25C3FDE9C4}.Ad-Hoc|iPhone.Build.0 = Ad-Hoc|iPhone
		{B7B56D2B-0C4C-4D3F-85DE-0B25C3FDE9C4}.Ad-Hoc|iPhone.Deploy.0 = Ad-Hoc|iPhone
		{B7B56D2B-0C4C-4D3F-85DE-0B25C3FDE9C4}.Ad-Hoc|iPhoneSimulator.ActiveCfg = Ad-Hoc|iPhoneSimulator
		{B7B56D2B-0C4C-4D3F-85DE-0B25C3FDE9C4}.Ad-Hoc|iPhoneSimulator.Build.0 = Ad-Hoc|iPhoneSimulator
		{B7B56D2B-0C4C-4D3F-85DE-0B25C3FDE9C4}.Ad-Hoc|iPhoneSimulator.Deploy.0 = Ad-Hoc|iPhoneSimulator
		{B7B56D2B-0C4C-4D3F-85DE-0B25C3FDE9C4}.Ad-Hoc|x64.ActiveCfg = Ad-Hoc|iPhone
		{B7B56D2B-0C4C-4D3F-85DE-0B25C3FDE9C4}.Ad-Hoc|x64.Build.0 = Ad-Hoc|iPhone
		{B7B56D2B-0C4C-4D3F-85DE-0B25C3FDE9C4}.Ad-Hoc|x64.Deploy.0 = Ad-Hoc|iPhone
		{B7B56D2B-0C4C-4D3F-85DE-0B25C3FDE9C4}.Ad-Hoc|x86.ActiveCfg = Ad-Hoc|iPhone
		{B7B56D2B-0C4C-4D3F-85DE-0B25C3FDE9C4}.Ad-Hoc|x86.Build.0 = Ad-Hoc|iPhone
		{B7B56D2B-0C4C-4D3F-85DE-0B25C3FDE9C4}.Ad-Hoc|x86.Deploy.0 = Ad-Hoc|iPhone
		{B7B56D2B-0C4C-4D3F-85DE-0B25C3FDE9C4}.AppStore|Any CPU.ActiveCfg = AppStore|iPhone
		{B7B56D2B-0C4C-4D3F-85DE-0B25C3FDE9C4}.AppStore|Any CPU.Build.0 = AppStore|iPhone
		{B7B56D2B-0C4C-4D3F-85DE-0B25C3FDE9C4}.AppStore|Any CPU.Deploy.0 = AppStore|iPhone
		{B7B56D2B-0C4C-4D3F-85DE-0B25C3FDE9C4}.AppStore|ARM.ActiveCfg = AppStore|iPhone
		{B7B56D2B-0C4C-4D3F-85DE-0B25C3FDE9C4}.AppStore|ARM.Build.0 = AppStore|iPhone
		{B7B56D2B-0C4C-4D3F-85DE-0B25C3FDE9C4}.AppStore|ARM.Deploy.0 = AppStore|iPhone
		{B7B56D2B-0C4C-4D3F-85DE-0B25C3FDE9C4}.AppStore|iPhone.ActiveCfg = AppStore|iPhone
		{B7B56D2B-0C4C-4D3F-85DE-0B25C3FDE9C4}.AppStore|iPhone.Build.0 = AppStore|iPhone
		{B7B56D2B-0C4C-4D3F-85DE-0B25C3FDE9C4}.AppStore|iPhone.Deploy.0 = AppStore|iPhone
		{B7B56D2B-0C4C-4D3F-85DE-0B25C3FDE9C4}.AppStore|iPhoneSimulator.ActiveCfg = AppStore|iPhoneSimulator
		{B7B56D2B-0C4C-4D3F-85DE-0B25C3FDE9C4}.AppStore|iPhoneSimulator.Build.0 = AppStore|iPhoneSimulator
		{B7B56D2B-0C4C-4D3F-85DE-0B25C3FDE9C4}.AppStore|iPhoneSimulator.Deploy.0 = AppStore|iPhoneSimulator
		{B7B56D2B-0C4C-4D3F-85DE-0B25C3FDE9C4}.AppStore|x64.ActiveCfg = AppStore|iPhone
		{B7B56D2B-0C4C-4D3F-85DE-0B25C3FDE9C4}.AppStore|x64.Build.0 = AppStore|iPhone
		{B7B56D2B-0C4C-4D3F-85DE-0B25C3FDE9C4}.AppStore|x64.Deploy.0 = AppStore|iPhone
		{B7B56D2B-0C4C-4D3F-85DE-0B25C3FDE9C4}.AppStore|x86.ActiveCfg = AppStore|iPhone
		{B7B56D2B-0C4C-4D3F-85DE-0B25C3FDE9C4}.AppStore|x86.Build.0 = AppStore|iPhone
		{B7B56D2B-0C4C-4D3F-85DE-0B25C3FDE9C4}.AppStore|x86.Deploy.0 = AppStore|iPhone
		{B7B56D2B-0C4C-4D3F-85DE-0B25C3FDE9C4}.Debug|Any CPU.ActiveCfg = Debug|iPhoneSimulator
		{B7B56D2B-0C4C-4D3F-85DE-0B25C3FDE9C4}.Debug|Any CPU.Build.0 = Debug|iPhoneSimulator
		{B7B56D2B-0C4C-4D3F-85DE-0B25C3FDE9C4}.Debug|Any CPU.Deploy.0 = Debug|iPhoneSimulator
		{B7B56D2B-0C4C-4D3F-85DE-0B25C3FDE9C4}.Debug|ARM.ActiveCfg = Debug|iPhone
		{B7B56D2B-0C4C-4D3F-85DE-0B25C3FDE9C4}.Debug|ARM.Build.0 = Debug|iPhone
		{B7B56D2B-0C4C-4D3F-85DE-0B25C3FDE9C4}.Debug|ARM.Deploy.0 = Debug|iPhone
		{B7B56D2B-0C4C-4D3F-85DE-0B25C3FDE9C4}.Debug|iPhone.ActiveCfg = Debug|iPhone
		{B7B56D2B-0C4C-4D3F-85DE-0B25C3FDE9C4}.Debug|iPhone.Build.0 = Debug|iPhone
		{B7B56D2B-0C4C-4D3F-85DE-0B25C3FDE9C4}.Debug|iPhone.Deploy.0 = Debug|iPhone
		{B7B56D2B-0C4C-4D3F-85DE-0B25C3FDE9C4}.Debug|iPhoneSimulator.ActiveCfg = Debug|iPhoneSimulator
		{B7B56D2B-0C4C-4D3F-85DE-0B25C3FDE9C4}.Debug|iPhoneSimulator.Build.0 = Debug|iPhoneSimulator
		{B7B56D2B-0C4C-4D3F-85DE-0B25C3FDE9C4}.Debug|iPhoneSimulator.Deploy.0 = Debug|iPhoneSimulator
		{B7B56D2B-0C4C-4D3F-85DE-0B25C3FDE9C4}.Debug|x64.ActiveCfg = Debug|iPhone
		{B7B56D2B-0C4C-4D3F-85DE-0B25C3FDE9C4}.Debug|x64.Build.0 = Debug|iPhone
		{B7B56D2B-0C4C-4D3F-85DE-0B25C3FDE9C4}.Debug|x64.Deploy.0 = Debug|iPhone
		{B7B56D2B-0C4C-4D3F-85DE-0B25C3FDE9C4}.Debug|x86.ActiveCfg = Debug|iPhone
		{B7B56D2B-0C4C-4D3F-85DE-0B25C3FDE9C4}.Debug|x86.Build.0 = Debug|iPhone
		{B7B56D2B-0C4C-4D3F-85DE-0B25C3FDE9C4}.Debug|x86.Deploy.0 = Debug|iPhone
		{B7B56D2B-0C4C-4D3F-85DE-0B25C3FDE9C4}.Release|Any CPU.ActiveCfg = Release|iPhone
		{B7B56D2B-0C4C-4D3F-85DE-0B25C3FDE9C4}.Release|Any CPU.Build.0 = Release|iPhone
		{B7B56D2B-0C4C-4D3F-85DE-0B25C3FDE9C4}.Release|Any CPU.Deploy.0 = Release|iPhone
		{B7B56D2B-0C4C-4D3F-85DE-0B25C3FDE9C4}.Release|ARM.ActiveCfg = Release|iPhone
		{B7B56D2B-0C4C-4D3F-85DE-0B25C3FDE9C4}.Release|ARM.Build.0 = Release|iPhone
		{B7B56D2B-0C4C-4D3F-85DE-0B25C3FDE9C4}.Release|ARM.Deploy.0 = Release|iPhone
		{B7B56D2B-0C4C-4D3F-85DE-0B25C3FDE9C4}.Release|iPhone.ActiveCfg = Release|iPhone
		{B7B56D2B-0C4C-4D3F-85DE-0B25C3FDE9C4}.Release|iPhone.Build.0 = Release|iPhone
		{B7B56D2B-0C4C-4D3F-85DE-0B25C3FDE9C4}.Release|iPhone.Deploy.0 = Release|iPhone
		{B7B56D2B-0C4C-4D3F-85DE-0B25C3FDE9C4}.Release|iPhoneSimulator.ActiveCfg = Release|iPhoneSimulator
		{B7B56D2B-0C4C-4D3F-85DE-0B25C3FDE9C4}.Release|iPhoneSimulator.Build.0 = Release|iPhoneSimulator
		{B7B56D2B-0C4C-4D3F-85DE-0B25C3FDE9C4}.Release|iPhoneSimulator.Deploy.0 = Release|iPhoneSimulator
		{B7B56D2B-0C4C-4D3F-85DE-0B25C3FDE9C4}.Release|x64.ActiveCfg = Release|iPhone
		{B7B56D2B-0C4C-4D3F-85DE-0B25C3FDE9C4}.Release|x64.Build.0 = Release|iPhone
		{B7B56D2B-0C4C-4D3F-85DE-0B25C3FDE9C4}.Release|x64.Deploy.0 = Release|iPhone
		{B7B56D2B-0C4C-4D3F-85DE-0B25C3FDE9C4}.Release|x86.ActiveCfg = Release|iPhone
		{B7B56D2B-0C4C-4D3F-85DE-0B25C3FDE9C4}.Release|x86.Build.0 = Release|iPhone
		{B7B56D2B-0C4C-4D3F-85DE-0B25C3FDE9C4}.Release|x86.Deploy.0 = Release|iPhone
		{E2C76F0A-5FD1-4788-A6B1-39B73D338A7D}.Ad-Hoc|Any CPU.ActiveCfg = Release|x86
		{E2C76F0A-5FD1-4788-A6B1-39B73D338A7D}.Ad-Hoc|Any CPU.Build.0 = Release|x86
		{E2C76F0A-5FD1-4788-A6B1-39B73D338A7D}.Ad-Hoc|Any CPU.Deploy.0 = Release|x86
		{E2C76F0A-5FD1-4788-A6B1-39B73D338A7D}.Ad-Hoc|ARM.ActiveCfg = Release|ARM
		{E2C76F0A-5FD1-4788-A6B1-39B73D338A7D}.Ad-Hoc|ARM.Build.0 = Release|ARM
		{E2C76F0A-5FD1-4788-A6B1-39B73D338A7D}.Ad-Hoc|ARM.Deploy.0 = Release|ARM
		{E2C76F0A-5FD1-4788-A6B1-39B73D338A7D}.Ad-Hoc|iPhone.ActiveCfg = Release|x86
		{E2C76F0A-5FD1-4788-A6B1-39B73D338A7D}.Ad-Hoc|iPhone.Build.0 = Release|x86
		{E2C76F0A-5FD1-4788-A6B1-39B73D338A7D}.Ad-Hoc|iPhone.Deploy.0 = Release|x86
		{E2C76F0A-5FD1-4788-A6B1-39B73D338A7D}.Ad-Hoc|iPhoneSimulator.ActiveCfg = Release|x86
		{E2C76F0A-5FD1-4788-A6B1-39B73D338A7D}.Ad-Hoc|iPhoneSimulator.Build.0 = Release|x86
		{E2C76F0A-5FD1-4788-A6B1-39B73D338A7D}.Ad-Hoc|iPhoneSimulator.Deploy.0 = Release|x86
		{E2C76F0A-5FD1-4788-A6B1-39B73D338A7D}.Ad-Hoc|x64.ActiveCfg = Release|x64
		{E2C76F0A-5FD1-4788-A6B1-39B73D338A7D}.Ad-Hoc|x64.Build.0 = Release|x64
		{E2C76F0A-5FD1-4788-A6B1-39B73D338A7D}.Ad-Hoc|x64.Deploy.0 = Release|x64
		{E2C76F0A-5FD1-4788-A6B1-39B73D338A7D}.Ad-Hoc|x86.ActiveCfg = Release|x86
		{E2C76F0A-5FD1-4788-A6B1-39B73D338A7D}.Ad-Hoc|x86.Build.0 = Release|x86
		{E2C76F0A-5FD1-4788-A6B1-39B73D338A7D}.Ad-Hoc|x86.Deploy.0 = Release|x86
		{E2C76F0A-5FD1-4788-A6B1-39B73D338A7D}.AppStore|Any CPU.ActiveCfg = Release|x86
		{E2C76F0A-5FD1-4788-A6B1-39B73D338A7D}.AppStore|Any CPU.Build.0 = Release|x86
		{E2C76F0A-5FD1-4788-A6B1-39B73D338A7D}.AppStore|Any CPU.Deploy.0 = Release|x86
		{E2C76F0A-5FD1-4788-A6B1-39B73D338A7D}.AppStore|ARM.ActiveCfg = Release|ARM
		{E2C76F0A-5FD1-4788-A6B1-39B73D338A7D}.AppStore|ARM.Build.0 = Release|ARM
		{E2C76F0A-5FD1-4788-A6B1-39B73D338A7D}.AppStore|ARM.Deploy.0 = Release|ARM
		{E2C76F0A-5FD1-4788-A6B1-39B73D338A7D}.AppStore|iPhone.ActiveCfg = Release|x86
		{E2C76F0A-5FD1-4788-A6B1-39B73D338A7D}.AppStore|iPhone.Build.0 = Release|x86
		{E2C76F0A-5FD1-4788-A6B1-39B73D338A7D}.AppStore|iPhone.Deploy.0 = Release|x86
		{E2C76F0A-5FD1-4788-A6B1-39B73D338A7D}.AppStore|iPhoneSimulator.ActiveCfg = Release|x86
		{E2C76F0A-5FD1-4788-A6B1-39B73D338A7D}.AppStore|iPhoneSimulator.Build.0 = Release|x86
		{E2C76F0A-5FD1-4788-A6B1-39B73D338A7D}.AppStore|iPhoneSimulator.Deploy.0 = Release|x86
		{E2C76F0A-5FD1-4788-A6B1-39B73D338A7D}.AppStore|x64.ActiveCfg = Release|x64
		{E2C76F0A-5FD1-4788-A6B1-39B73D338A7D}.AppStore|x64.Build.0 = Release|x64
		{E2C76F0A-5FD1-4788-A6B1-39B73D338A7D}.AppStore|x64.Deploy.0 = Release|x64
		{E2C76F0A-5FD1-4788-A6B1-39B73D338A7D}.AppStore|x86.ActiveCfg = Release|x86
		{E2C76F0A-5FD1-4788-A6B1-39B73D338A7D}.AppStore|x86.Build.0 = Release|x86
		{E2C76F0A-5FD1-4788-A6B1-39B73D338A7D}.AppStore|x86.Deploy.0 = Release|x86
		{E2C76F0A-5FD1-4788-A6B1-39B73D338A7D}.Debug|Any CPU.ActiveCfg = Debug|x86
		{E2C76F0A-5FD1-4788-A6B1-39B73D338A7D}.Debug|Any CPU.Build.0 = Debug|x86
		{E2C76F0A-5FD1-4788-A6B1-39B73D338A7D}.Debug|Any CPU.Deploy.0 = Debug|x86
		{E2C76F0A-5FD1-4788-A6B1-39B73D338A7D}.Debug|ARM.ActiveCfg = Debug|ARM
		{E2C76F0A-5FD1-4788-A6B1-39B73D338A7D}.Debug|ARM.Build.0 = Debug|ARM
		{E2C76F0A-5FD1-4788-A6B1-39B73D338A7D}.Debug|ARM.Deploy.0 = Debug|ARM
		{E2C76F0A-5FD1-4788-A6B1-39B73D338A7D}.Debug|iPhone.ActiveCfg = Debug|x86
		{E2C76F0A-5FD1-4788-A6B1-39B73D338A7D}.Debug|iPhone.Build.0 = Debug|x86
		{E2C76F0A-5FD1-4788-A6B1-39B73D338A7D}.Debug|iPhone.Deploy.0 = Debug|x86
		{E2C76F0A-5FD1-4788-A6B1-39B73D338A7D}.Debug|iPhoneSimulator.ActiveCfg = Debug|x86
		{E2C76F0A-5FD1-4788-A6B1-39B73D338A7D}.Debug|iPhoneSimulator.Build.0 = Debug|x86
		{E2C76F0A-5FD1-4788-A6B1-39B73D338A7D}.Debug|iPhoneSimulator.Deploy.0 = Debug|x86
		{E2C76F0A-5FD1-4788-A6B1-39B73D338A7D}.Debug|x64.ActiveCfg = Debug|x64
		{E2C76F0A-5FD1-4788-A6B1-39B73D338A7D}.Debug|x64.Build.0 = Debug|x64
		{E2C76F0A-5FD1-4788-A6B1-39B73D338A7D}.Debug|x64.Deploy.0 = Debug|x64
		{E2C76F0A-5FD1-4788-A6B1-39B73D338A7D}.Debug|x86.ActiveCfg = Debug|x86
		{E2C76F0A-5FD1-4788-A6B1-39B73D338A7D}.Debug|x86.Build.0 = Debug|x86
		{E2C76F0A-5FD1-4788-A6B1-39B73D338A7D}.Debug|x86.Deploy.0 = Debug|x86
		{E2C76F0A-5FD1-4788-A6B1-39B73D338A7D}.Release|Any CPU.ActiveCfg = Release|x86
		{E2C76F0A-5FD1-4788-A6B1-39B73D338A7D}.Release|Any CPU.Build.0 = Release|x86
		{E2C76F0A-5FD1-4788-A6B1-39B73D338A7D}.Release|Any CPU.Deploy.0 = Release|x86
		{E2C76F0A-5FD1-4788-A6B1-39B73D338A7D}.Release|ARM.ActiveCfg = Release|ARM
		{E2C76F0A-5FD1-4788-A6B1-39B73D338A7D}.Release|ARM.Build.0 = Release|ARM
		{E2C76F0A-5FD1-4788-A6B1-39B73D338A7D}.Release|ARM.Deploy.0 = Release|ARM
		{E2C76F0A-5FD1-4788-A6B1-39B73D338A7D}.Release|iPhone.ActiveCfg = Release|x86
		{E2C76F0A-5FD1-4788-A6B1-39B73D338A7D}.Release|iPhone.Build.0 = Release|x86
		{E2C76F0A-5FD1-4788-A6B1-39B73D338A7D}.Release|iPhone.Deploy.0 = Release|x86
		{E2C76F0A-5FD1-4788-A6B1-39B73D338A7D}.Release|iPhoneSimulator.ActiveCfg = Release|x86
		{E2C76F0A-5FD1-4788-A6B1-39B73D338A7D}.Release|iPhoneSimulator.Build.0 = Release|x86
		{E2C76F0A-5FD1-4788-A6B1-39B73D338A7D}.Release|iPhoneSimulator.Deploy.0 = Release|x86
		{E2C76F0A-5FD1-4788-A6B1-39B73D338A7D}.Release|x64.ActiveCfg = Release|x64
		{E2C76F0A-5FD1-4788-A6B1-39B73D338A7D}.Release|x64.Build.0 = Release|x64
		{E2C76F0A-5FD1-4788-A6B1-39B73D338A7D}.Release|x64.Deploy.0 = Release|x64
		{E2C76F0A-5FD1-4788-A6B1-39B73D338A7D}.Release|x86.ActiveCfg = Release|x86
		{E2C76F0A-5FD1-4788-A6B1-39B73D338A7D}.Release|x86.Build.0 = Release|x86
		{E2C76F0A-5FD1-4788-A6B1-39B73D338A7D}.Release|x86.Deploy.0 = Release|x86
		{A43771D5-6517-4D45-93E1-5C0B63A16725}.Ad-Hoc|Any CPU.ActiveCfg = Debug|Any CPU
		{A43771D5-6517-4D45-93E1-5C0B63A16725}.Ad-Hoc|Any CPU.Build.0 = Debug|Any CPU
		{A43771D5-6517-4D45-93E1-5C0B63A16725}.Ad-Hoc|Any CPU.Deploy.0 = Debug|Any CPU
		{A43771D5-6517-4D45-93E1-5C0B63A16725}.Ad-Hoc|ARM.ActiveCfg = Debug|Any CPU
		{A43771D5-6517-4D45-93E1-5C0B63A16725}.Ad-Hoc|ARM.Build.0 = Debug|Any CPU
		{A43771D5-6517-4D45-93E1-5C0B63A16725}.Ad-Hoc|ARM.Deploy.0 = Debug|Any CPU
		{A43771D5-6517-4D45-93E1-5C0B63A16725}.Ad-Hoc|iPhone.ActiveCfg = Debug|Any CPU
		{A43771D5-6517-4D45-93E1-5C0B63A16725}.Ad-Hoc|iPhone.Build.0 = Debug|Any CPU
		{A43771D5-6517-4D45-93E1-5C0B63A16725}.Ad-Hoc|iPhone.Deploy.0 = Debug|Any CPU
		{A43771D5-6517-4D45-93E1-5C0B63A16725}.Ad-Hoc|iPhoneSimulator.ActiveCfg = Debug|Any CPU
		{A43771D5-6517-4D45-93E1-5C0B63A16725}.Ad-Hoc|iPhoneSimulator.Build.0 = Debug|Any CPU
		{A43771D5-6517-4D45-93E1-5C0B63A16725}.Ad-Hoc|iPhoneSimulator.Deploy.0 = Debug|Any CPU
		{A43771D5-6517-4D45-93E1-5C0B63A16725}.Ad-Hoc|x64.ActiveCfg = Debug|Any CPU
		{A43771D5-6517-4D45-93E1-5C0B63A16725}.Ad-Hoc|x64.Build.0 = Debug|Any CPU
		{A43771D5-6517-4D45-93E1-5C0B63A16725}.Ad-Hoc|x64.Deploy.0 = Debug|Any CPU
		{A43771D5-6517-4D45-93E1-5C0B63A16725}.Ad-Hoc|x86.ActiveCfg = Debug|Any CPU
		{A43771D5-6517-4D45-93E1-5C0B63A16725}.Ad-Hoc|x86.Build.0 = Debug|Any CPU
		{A43771D5-6517-4D45-93E1-5C0B63A16725}.Ad-Hoc|x86.Deploy.0 = Debug|Any CPU
		{A43771D5-6517-4D45-93E1-5C0B63A16725}.AppStore|Any CPU.ActiveCfg = Debug|Any CPU
		{A43771D5-6517-4D45-93E1-5C0B63A16725}.AppStore|Any CPU.Build.0 = Debug|Any CPU
		{A43771D5-6517-4D45-93E1-5C0B63A16725}.AppStore|Any CPU.Deploy.0 = Debug|Any CPU
		{A43771D5-6517-4D45-93E1-5C0B63A16725}.AppStore|ARM.ActiveCfg = Debug|Any CPU
		{A43771D5-6517-4D45-93E1-5C0B63A16725}.AppStore|ARM.Build.0 = Debug|Any CPU
		{A43771D5-6517-4D45-93E1-5C0B63A16725}.AppStore|ARM.Deploy.0 = Debug|Any CPU
		{A43771D5-6517-4D45-93E1-5C0B63A16725}.AppStore|iPhone.ActiveCfg = Debug|Any CPU
		{A43771D5-6517-4D45-93E1-5C0B63A16725}.AppStore|iPhone.Build.0 = Debug|Any CPU
		{A43771D5-6517-4D45-93E1-5C0B63A16725}.AppStore|iPhone.Deploy.0 = Debug|Any CPU
		{A43771D5-6517-4D45-93E1-5C0B63A16725}.AppStore|iPhoneSimulator.ActiveCfg = Debug|Any CPU
		{A43771D5-6517-4D45-93E1-5C0B63A16725}.AppStore|iPhoneSimulator.Build.0 = Debug|Any CPU
		{A43771D5-6517-4D45-93E1-5C0B63A16725}.AppStore|iPhoneSimulator.Deploy.0 = Debug|Any CPU
		{A43771D5-6517-4D45-93E1-5C0B63A16725}.AppStore|x64.ActiveCfg = Debug|Any CPU
		{A43771D5-6517-4D45-93E1-5C0B63A16725}.AppStore|x64.Build.0 = Debug|Any CPU
		{A43771D5-6517-4D45-93E1-5C0B63A16725}.AppStore|x64.Deploy.0 = Debug|Any CPU
		{A43771D5-6517-4D45-93E1-5C0B63A16725}.AppStore|x86.ActiveCfg = Debug|Any CPU
		{A43771D5-6517-4D45-93E1-5C0B63A16725}.AppStore|x86.Build.0 = Debug|Any CPU
		{A43771D5-6517-4D45-93E1-5C0B63A16725}.AppStore|x86.Deploy.0 = Debug|Any CPU
		{A43771D5-6517-4D45-93E1-5C0B63A16725}.Debug|Any CPU.ActiveCfg = Debug|Any CPU
		{A43771D5-6517-4D45-93E1-5C0B63A16725}.Debug|Any CPU.Build.0 = Debug|Any CPU
		{A43771D5-6517-4D45-93E1-5C0B63A16725}.Debug|Any CPU.Deploy.0 = Debug|Any CPU
		{A43771D5-6517-4D45-93E1-5C0B63A16725}.Debug|ARM.ActiveCfg = Debug|Any CPU
		{A43771D5-6517-4D45-93E1-5C0B63A16725}.Debug|ARM.Build.0 = Debug|Any CPU
		{A43771D5-6517-4D45-93E1-5C0B63A16725}.Debug|ARM.Deploy.0 = Debug|Any CPU
		{A43771D5-6517-4D45-93E1-5C0B63A16725}.Debug|iPhone.ActiveCfg = Debug|Any CPU
		{A43771D5-6517-4D45-93E1-5C0B63A16725}.Debug|iPhone.Build.0 = Debug|Any CPU
		{A43771D5-6517-4D45-93E1-5C0B63A16725}.Debug|iPhone.Deploy.0 = Debug|Any CPU
		{A43771D5-6517-4D45-93E1-5C0B63A16725}.Debug|iPhoneSimulator.ActiveCfg = Debug|Any CPU
		{A43771D5-6517-4D45-93E1-5C0B63A16725}.Debug|iPhoneSimulator.Build.0 = Debug|Any CPU
		{A43771D5-6517-4D45-93E1-5C0B63A16725}.Debug|iPhoneSimulator.Deploy.0 = Debug|Any CPU
		{A43771D5-6517-4D45-93E1-5C0B63A16725}.Debug|x64.ActiveCfg = Debug|Any CPU
		{A43771D5-6517-4D45-93E1-5C0B63A16725}.Debug|x64.Build.0 = Debug|Any CPU
		{A43771D5-6517-4D45-93E1-5C0B63A16725}.Debug|x64.Deploy.0 = Debug|Any CPU
		{A43771D5-6517-4D45-93E1-5C0B63A16725}.Debug|x86.ActiveCfg = Debug|Any CPU
		{A43771D5-6517-4D45-93E1-5C0B63A16725}.Debug|x86.Build.0 = Debug|Any CPU
		{A43771D5-6517-4D45-93E1-5C0B63A16725}.Debug|x86.Deploy.0 = Debug|Any CPU
		{A43771D5-6517-4D45-93E1-5C0B63A16725}.Release|Any CPU.ActiveCfg = Release|Any CPU
		{A43771D5-6517-4D45-93E1-5C0B63A16725}.Release|Any CPU.Build.0 = Release|Any CPU
		{A43771D5-6517-4D45-93E1-5C0B63A16725}.Release|Any CPU.Deploy.0 = Release|Any CPU
		{A43771D5-6517-4D45-93E1-5C0B63A16725}.Release|ARM.ActiveCfg = Release|Any CPU
		{A43771D5-6517-4D45-93E1-5C0B63A16725}.Release|ARM.Build.0 = Release|Any CPU
		{A43771D5-6517-4D45-93E1-5C0B63A16725}.Release|ARM.Deploy.0 = Release|Any CPU
		{A43771D5-6517-4D45-93E1-5C0B63A16725}.Release|iPhone.ActiveCfg = Release|Any CPU
		{A43771D5-6517-4D45-93E1-5C0B63A16725}.Release|iPhone.Build.0 = Release|Any CPU
		{A43771D5-6517-4D45-93E1-5C0B63A16725}.Release|iPhone.Deploy.0 = Release|Any CPU
		{A43771D5-6517-4D45-93E1-5C0B63A16725}.Release|iPhoneSimulator.ActiveCfg = Release|Any CPU
		{A43771D5-6517-4D45-93E1-5C0B63A16725}.Release|iPhoneSimulator.Build.0 = Release|Any CPU
		{A43771D5-6517-4D45-93E1-5C0B63A16725}.Release|iPhoneSimulator.Deploy.0 = Release|Any CPU
		{A43771D5-6517-4D45-93E1-5C0B63A16725}.Release|x64.ActiveCfg = Release|Any CPU
		{A43771D5-6517-4D45-93E1-5C0B63A16725}.Release|x64.Build.0 = Release|Any CPU
		{A43771D5-6517-4D45-93E1-5C0B63A16725}.Release|x64.Deploy.0 = Release|Any CPU
		{A43771D5-6517-4D45-93E1-5C0B63A16725}.Release|x86.ActiveCfg = Release|Any CPU
		{A43771D5-6517-4D45-93E1-5C0B63A16725}.Release|x86.Build.0 = Release|Any CPU
		{A43771D5-6517-4D45-93E1-5C0B63A16725}.Release|x86.Deploy.0 = Release|Any CPU
	EndGlobalSection
	GlobalSection(SolutionProperties) = preSolution
		HideSolutionNode = FALSE
	EndGlobalSection
	GlobalSection(ExtensibilityGlobals) = postSolution
		SolutionGuid = {88833629-1DB0-4799-82FA-3D4E149A0CD2}
	EndGlobalSection
EndGlobal
